
Microsoft Visual Studio Solution File, Format Version 12.00
# Visual Studio Version 17
VisualStudioVersion = 17.0.32014.148
MinimumVisualStudioVersion = 10.0.40219.1
Project("{FAE04EC0-301F-11D3-BF4B-00C04F79EFBC}") = "pharmacy system", "pharmacy system\pharmacy system.csproj", "{8DCB4CDE-706E-4ED2-99ED-0279CF62FEEC}"
EndProject
Global
	GlobalSection(SolutionConfigurationPlatforms) = preSolution
		Debug|Any CPU = Debug|Any CPU
		Release|Any CPU = Release|Any CPU
	EndGlobalSection
	GlobalSection(ProjectConfigurationPlatforms) = postSolution
		{8DCB4CDE-706E-4ED2-99ED-0279CF62FEEC}.Debug|Any CPU.ActiveCfg = Debug|Any CPU
		{8DCB4CDE-706E-4ED2-99ED-0279CF62FEEC}.Debug|Any CPU.Build.0 = Debug|Any CPU
		{8DCB4CDE-706E-4ED2-99ED-0279CF62FEEC}.Release|Any CPU.ActiveCfg = Release|Any CPU
		{8DCB4CDE-706E-4ED2-99ED-0279CF62FEEC}.Release|Any CPU.Build.0 = Release|Any CPU
	EndGlobalSection
	GlobalSection(SolutionProperties) = preSolution
		HideSolutionNode = FALSE
	EndGlobalSection
	GlobalSection(ExtensibilityGlobals) = postSolution
		SolutionGuid = {F8EE2544-976B-4860-85F5-398FEFBAB3ED}
	EndGlobalSection
EndGlobal
